// !$*UTF8*$!
{
	archiveVersion = 1;
	classes = {
	};
	objectVersion = 46;
	objects = {

/* Begin PBXBuildFile section */
		B0FD69991BC60FC800058976 /* main.m in Sources */ = {isa = PBXBuildFile; fileRef = B0FD69981BC60FC800058976 /* main.m */; };
		B0FD69A11BC60FED00058976 /* Person.m in Sources */ = {isa = PBXBuildFile; fileRef = B0FD69A01BC60FED00058976 /* Person.m */; };
		B0FD69A41BC60FFC00058976 /* Adress.m in Sources */ = {isa = PBXBuildFile; fileRef = B0FD69A31BC60FFC00058976 /* Adress.m */; };
		B0FD69A71BC6129A00058976 /* NSObject+Model.m in Sources */ = {isa = PBXBuildFile; fileRef = B0FD69A61BC6129A00058976 /* NSObject+Model.m */; };
		B0FD69AA1BC641B600058976 /* PropertyTepy.m in Sources */ = {isa = PBXBuildFile; fileRef = B0FD69A91BC641B600058976 /* PropertyTepy.m */; };
		B0FD69AD1BC6477900058976 /* School.m in Sources */ = {isa = PBXBuildFile; fileRef = B0FD69AC1BC6477900058976 /* School.m */; };
/* End PBXBuildFile section */

/* Begin PBXCopyFilesBuildPhase section */
		B0FD69931BC60FC800058976 /* CopyFiles */ = {
			isa = PBXCopyFilesBuildPhase;
			buildActionMask = 2147483647;
			dstPath = /usr/share/man/man1/;
			dstSubfolderSpec = 0;
			files = (
			);
			runOnlyForDeploymentPostprocessing = 1;
		};
/* End PBXCopyFilesBuildPhase section */

/* Begin PBXFileReference section */
		B0FD69951BC60FC800058976 /* Model_封装 */ = {isa = PBXFileReference; explicitFileType = "compiled.mach-o.executable"; includeInIndex = 0; path = "Model_封装"; sourceTree = BUILT_PRODUCTS_DIR; };
		B0FD69981BC60FC800058976 /* main.m */ = {isa = PBXFileReference; lastKnownFileType = sourcecode.c.objc; path = main.m; sourceTree = "<group>"; };
		B0FD699F1BC60FED00058976 /* Person.h */ = {isa = PBXFileReference; fileEncoding = 4; lastKnownFileType = sourcecode.c.h; path = Person.h; sourceTree = "<group>"; };
		B0FD69A01BC60FED00058976 /* Person.m */ = {isa = PBXFileReference; fileEncoding = 4; lastKnownFileType = sourcecode.c.objc; path = Person.m; sourceTree = "<group>"; };
		B0FD69A21BC60FFC00058976 /* Adress.h */ = {isa = PBXFileReference; fileEncoding = 4; lastKnownFileType = sourcecode.c.h; path = Adress.h; sourceTree = "<group>"; };
		B0FD69A31BC60FFC00058976 /* Adress.m */ = {isa = PBXFileReference; fileEncoding = 4; lastKnownFileType = sourcecode.c.objc; path = Adress.m; sourceTree = "<group>"; };
		B0FD69A51BC6129A00058976 /* NSObject+Model.h */ = {isa = PBXFileReference; fileEncoding = 4; lastKnownFileType = sourcecode.c.h; path = "NSObject+Model.h"; sourceTree = "<group>"; };
		B0FD69A61BC6129A00058976 /* NSObject+Model.m */ = {isa = PBXFileReference; fileEncoding = 4; lastKnownFileType = sourcecode.c.objc; path = "NSObject+Model.m"; sourceTree = "<group>"; };
		B0FD69A81BC641B600058976 /* PropertyTepy.h */ = {isa = PBXFileReference; fileEncoding = 4; lastKnownFileType = sourcecode.c.h; path = PropertyTepy.h; sourceTree = "<group>"; };
		B0FD69A91BC641B600058976 /* PropertyTepy.m */ = {isa = PBXFileReference; fileEncoding = 4; lastKnownFileType = sourcecode.c.objc; path = PropertyTepy.m; sourceTree = "<group>"; };
		B0FD69AB1BC6477900058976 /* School.h */ = {isa = PBXFileReference; fileEncoding = 4; lastKnownFileType = sourcecode.c.h; path = School.h; sourceTree = "<group>"; };
		B0FD69AC1BC6477900058976 /* School.m */ = {isa = PBXFileReference; fileEncoding = 4; lastKnownFileType = sourcecode.c.objc; path = School.m; sourceTree = "<group>"; };
/* End PBXFileReference section */

/* Begin PBXFrameworksBuildPhase section */
		B0FD69921BC60FC800058976 /* Frameworks */ = {
			isa = PBXFrameworksBuildPhase;
			buildActionMask = 2147483647;
			files = (
			);
			runOnlyForDeploymentPostprocessing = 0;
		};
/* End PBXFrameworksBuildPhase section */

/* Begin PBXGroup section */
		B0FD698C1BC60FC800058976 = {
			isa = PBXGroup;
			children = (
				B0FD69971BC60FC800058976 /* Model_封装 */,
				B0FD69961BC60FC800058976 /* Products */,
			);
			sourceTree = "<group>";
		};
		B0FD69961BC60FC800058976 /* Products */ = {
			isa = PBXGroup;
			children = (
				B0FD69951BC60FC800058976 /* Model_封装 */,
			);
			name = Products;
			sourceTree = "<group>";
		};
		B0FD69971BC60FC800058976 /* Model_封装 */ = {
			isa = PBXGroup;
			children = (
				B0FD69981BC60FC800058976 /* main.m */,
				B0FD699F1BC60FED00058976 /* Person.h */,
				B0FD69A01BC60FED00058976 /* Person.m */,
				B0FD69A81BC641B600058976 /* PropertyTepy.h */,
				B0FD69A91BC641B600058976 /* PropertyTepy.m */,
				B0FD69A21BC60FFC00058976 /* Adress.h */,
				B0FD69A31BC60FFC00058976 /* Adress.m */,
				B0FD69A51BC6129A00058976 /* NSObject+Model.h */,
				B0FD69A61BC6129A00058976 /* NSObject+Model.m */,
				B0FD69AB1BC6477900058976 /* School.h */,
				B0FD69AC1BC6477900058976 /* School.m */,
			);
			path = "Model_封装";
			sourceTree = "<group>";
		};
/* End PBXGroup section */

/* Begin PBXNativeTarget section */
		B0FD69941BC60FC800058976 /* Model_封装 */ = {
			isa = PBXNativeTarget;
			buildConfigurationList = B0FD699C1BC60FC800058976 /* Build configuration list for PBXNativeTarget "Model_封装" */;
			buildPhases = (
				B0FD69911BC60FC800058976 /* Sources */,
				B0FD69921BC60FC800058976 /* Frameworks */,
				B0FD69931BC60FC800058976 /* CopyFiles */,
			);
			buildRules = (
			);
			dependencies = (
			);
			name = "Model_封装";
			productName = "Model_封装";
			productReference = B0FD69951BC60FC800058976 /* Model_封装 */;
			productType = "com.apple.product-type.tool";
		};
/* End PBXNativeTarget section */

/* Begin PBXProject section */
		B0FD698D1BC60FC800058976 /* Project object */ = {
			isa = PBXProject;
			attributes = {
				LastUpgradeCheck = 0640;
				ORGANIZATIONNAME = YF;
				TargetAttributes = {
					B0FD69941BC60FC800058976 = {
						CreatedOnToolsVersion = 6.4;
					};
				};
			};
			buildConfigurationList = B0FD69901BC60FC800058976 /* Build configuration list for PBXProject "Model_封装" */;
			compatibilityVersion = "Xcode 3.2";
			developmentRegion = English;
			hasScannedForEncodings = 0;
			knownRegions = (
				en,
			);
			mainGroup = B0FD698C1BC60FC800058976;
			productRefGroup = B0FD69961BC60FC800058976 /* Products */;
			projectDirPath = "";
			projectRoot = "";
			targets = (
				B0FD69941BC60FC800058976 /* Model_封装 */,
			);
		};
/* End PBXProject section */

/* Begin PBXSourcesBuildPhase section */
		B0FD69911BC60FC800058976 /* Sources */ = {
			isa = PBXSourcesBuildPhase;
			buildActionMask = 2147483647;
			files = (
				B0FD69AA1BC641B600058976 /* PropertyTepy.m in Sources */,
				B0FD69A11BC60FED00058976 /* Person.m in Sources */,
				B0FD69991BC60FC800058976 /* main.m in Sources */,
				B0FD69A41BC60FFC00058976 /* Adress.m in Sources */,
				B0FD69A71BC6129A00058976 /* NSObject+Model.m in Sources */,
				B0FD69AD1BC6477900058976 /* School.m in Sources */,
			);
			runOnlyForDeploymentPostprocessing = 0;
		};
/* End PBXSourcesBuildPhase section */

/* Begin XCBuildConfiguration section */
		B0FD699A1BC60FC800058976 /* Debug */ = {
			isa = XCBuildConfiguration;
			buildSettings = {
				ALWAYS_SEARCH_USER_PATHS = NO;
				CLANG_CXX_LANGUAGE_STANDARD = "gnu++0x";
				CLANG_CXX_LIBRARY = "libc++";
				CLANG_ENABLE_MODULES = YES;
				CLANG_ENABLE_OBJC_ARC = YES;
				CLANG_WARN_BOOL_CONVERSION = YES;
				CLANG_WARN_CONSTANT_CONVERSION = YES;
				CLANG_WARN_DIRECT_OBJC_ISA_USAGE = YES_ERROR;
				CLANG_WARN_EMPTY_BODY = YES;
				CLANG_WARN_ENUM_CONVERSION = YES;
				CLANG_WARN_INT_CONVERSION = YES;
				CLANG_WARN_OBJC_ROOT_CLASS = YES_ERROR;
				CLANG_WARN_UNREACHABLE_CODE = YES;
				CLANG_WARN__DUPLICATE_METHOD_MATCH = YES;
				COPY_PHASE_STRIP = NO;
				DEBUG_INFORMATION_FORMAT = dwarf;
				ENABLE_STRICT_OBJC_MSGSEND = YES;
				GCC_C_LANGUAGE_STANDARD = gnu99;
				GCC_DYNAMIC_NO_PIC = NO;
				GCC_NO_COMMON_BLOCKS = YES;
				GCC_OPTIMIZATION_LEVEL = 0;
				GCC_PREPROCESSOR_DEFINITIONS = (
					"DEBUG=1",
					"$(inherited)",
				);
				GCC_SYMBOLS_PRIVATE_EXTERN = NO;
				GCC_WARN_64_TO_32_BIT_CONVERSION = YES;
				GCC_WARN_ABOUT_RETURN_TYPE = YES_ERROR;
				GCC_WARN_UNDECLARED_SELECTOR = YES;
				GCC_WARN_UNINITIALIZED_AUTOS = YES_AGGRESSIVE;
				GCC_WARN_UNUSED_FUNCTION = YES;
				GCC_WARN_UNUSED_VARIABLE = YES;
				MACOSX_DEPLOYMENT_TARGET = 10.10;
				MTL_ENABLE_DEBUG_INFO = YES;
				ONLY_ACTIVE_ARCH = YES;
				SDKROOT = macosx;
			};
			name = Debug;
		};
		B0FD699B1BC60FC800058976 /* Release */ = {
			isa = XCBuildConfiguration;
			buildSettings = {
				ALWAYS_SEARCH_USER_PATHS = NO;
				CLANG_CXX_LANGUAGE_STANDARD = "gnu++0x";
				CLANG_CXX_LIBRARY = "libc++";
				CLANG_ENABLE_MODULES = YES;
				CLANG_ENABLE_OBJC_ARC = YES;
				CLANG_WARN_BOOL_CONVERSION = YES;
				CLANG_WARN_CONSTANT_CONVERSION = YES;
				CLANG_WARN_DIRECT_OBJC_ISA_USAGE = YES_ERROR;
				CLANG_WARN_EMPTY_BODY = YES;
				CLANG_WARN_ENUM_CONVERSION = YES;
				CLANG_WARN_INT_CONVERSION = YES;
				CLANG_WARN_OBJC_ROOT_CLASS = YES_ERROR;
				CLANG_WARN_UNREACHABLE_CODE = YES;
				CLANG_WARN__DUPLICATE_METHOD_MATCH = YES;
				COPY_PHASE_STRIP = NO;
				DEBUG_INFORMATION_FORMAT = "dwarf-with-dsym";
				ENABLE_NS_ASSERTIONS = NO;
				ENABLE_STRICT_OBJC_MSGSEND = YES;
				GCC_C_LANGUAGE_STANDARD = gnu99;
				GCC_NO_COMMON_BLOCKS = YES;
				GCC_WARN_64_TO_32_BIT_CONVERSION = YES;
				GCC_WARN_ABOUT_RETURN_TYPE = YES_ERROR;
				GCC_WARN_UNDECLARED_SELECTOR = YES;
				GCC_WARN_UNINITIALIZED_AUTOS = YES_AGGRESSIVE;
				GCC_WARN_UNUSED_FUNCTION = YES;
				GCC_WARN_UNUSED_VARIABLE = YES;
				MACOSX_DEPLOYMENT_TARGET = 10.10;
				MTL_ENABLE_DEBUG_INFO = NO;
				SDKROOT = macosx;
			};
			name = Release;
		};
		B0FD699D1BC60FC800058976 /* Debug */ = {
			isa = XCBuildConfiguration;
			buildSettings = {
				PRODUCT_NAME = "$(TARGET_NAME)";
			};
			name = Debug;
		};
		B0FD699E1BC60FC800058976 /* Release */ = {
			isa = XCBuildConfiguration;
			buildSettings = {
				PRODUCT_NAME = "$(TARGET_NAME)";
			};
			name = Release;
		};
/* End XCBuildConfiguration section */

/* Begin XCConfigurationList section */
		B0FD69901BC60FC800058976 /* Build configuration list for PBXProject "Model_封装" */ = {
			isa = XCConfigurationList;
			buildConfigurations = (
				B0FD699A1BC60FC800058976 /* Debug */,
				B0FD699B1BC60FC800058976 /* Release */,
			);
			defaultConfigurationIsVisible = 0;
			defaultConfigurationName = Release;
		};
		B0FD699C1BC60FC800058976 /* Build configuration list for PBXNativeTarget "Model_封装" */ = {
			isa = XCConfigurationList;
			buildConfigurations = (
				B0FD699D1BC60FC800058976 /* Debug */,
				B0FD699E1BC60FC800058976 /* Release */,
			);
			defaultConfigurationIsVisible = 0;
		};
/* End XCConfigurationList section */
	};
	rootObject = B0FD698D1BC60FC800058976 /* Project object */;
}
